
Microsoft Visual Studio Solution File, Format Version 12.00
# Visual Studio Version 16
VisualStudioVersion = 16.0.30309.148
MinimumVisualStudioVersion = 10.0.40219.1
Project("{FAE04EC0-301F-11D3-BF4B-00C04F79EFBC}") = "ArraySumSeparator", "InterviewQuestions\ArraySumSeparator.csproj", "{8E4A190B-49C1-434F-A90B-54474011804A}"
EndProject
Project("{FAE04EC0-301F-11D3-BF4B-00C04F79EFBC}") = "ArraySumSeparatorTests", "ArraySumSeparatorTests\ArraySumSeparatorTests.csproj", "{37AA47F7-B69A-45A0-86FF-8FAF4DE7F861}"
EndProject
Global
	GlobalSection(SolutionConfigurationPlatforms) = preSolution
		Debug|Any CPU = Debug|Any CPU
		Release|Any CPU = Release|Any CPU
	EndGlobalSection
	GlobalSection(ProjectConfigurationPlatforms) = postSolution
		{8E4A190B-49C1-434F-A90B-54474011804A}.Debug|Any CPU.ActiveCfg = Debug|Any CPU
		{8E4A190B-49C1-434F-A90B-54474011804A}.Debug|Any CPU.Build.0 = Debug|Any CPU
		{8E4A190B-49C1-434F-A90B-54474011804A}.Release|Any CPU.ActiveCfg = Release|Any CPU
		{8E4A190B-49C1-434F-A90B-54474011804A}.Release|Any CPU.Build.0 = Release|Any CPU
		{37AA47F7-B69A-45A0-86FF-8FAF4DE7F861}.Debug|Any CPU.ActiveCfg = Debug|Any CPU
		{37AA47F7-B69A-45A0-86FF-8FAF4DE7F861}.Debug|Any CPU.Build.0 = Debug|Any CPU
		{37AA47F7-B69A-45A0-86FF-8FAF4DE7F861}.Release|Any CPU.ActiveCfg = Release|Any CPU
		{37AA47F7-B69A-45A0-86FF-8FAF4DE7F861}.Release|Any CPU.Build.0 = Release|Any CPU
	EndGlobalSection
	GlobalSection(SolutionProperties) = preSolution
		HideSolutionNode = FALSE
	EndGlobalSection
	GlobalSection(ExtensibilityGlobals) = postSolution
		SolutionGuid = {4C4A8E2C-7B9C-4B03-A4C3-66BB1B92A8C2}
	EndGlobalSection
EndGlobal
